
Microsoft Visual Studio Solution File, Format Version 12.00
# Visual Studio Version 16
VisualStudioVersion = 16.0.31702.278
MinimumVisualStudioVersion = 10.0.40219.1
Project("{FAE04EC0-301F-11D3-BF4B-00C04F79EFBC}") = "SDP2Vladislav", "SDP2Vladislav.csproj", "{FFD6C179-599E-4EF3-A44D-0575F5C49077}"
EndProject
Global
	GlobalSection(SolutionConfigurationPlatforms) = preSolution
		Debug|Any CPU = Debug|Any CPU
		Release|Any CPU = Release|Any CPU
	EndGlobalSection
	GlobalSection(ProjectConfigurationPlatforms) = postSolution
		{FFD6C179-599E-4EF3-A44D-0575F5C49077}.Debug|Any CPU.ActiveCfg = Debug|Any CPU
		{FFD6C179-599E-4EF3-A44D-0575F5C49077}.Debug|Any CPU.Build.0 = Debug|Any CPU
		{FFD6C179-599E-4EF3-A44D-0575F5C49077}.Release|Any CPU.ActiveCfg = Release|Any CPU
		{FFD6C179-599E-4EF3-A44D-0575F5C49077}.Release|Any CPU.Build.0 = Release|Any CPU
	EndGlobalSection
	GlobalSection(SolutionProperties) = preSolution
		HideSolutionNode = FALSE
	EndGlobalSection
	GlobalSection(ExtensibilityGlobals) = postSolution
		SolutionGuid = {87A12971-AD7D-4F2A-9ADF-437B3DE74ACB}
	EndGlobalSection
EndGlobal
